// !$*UTF8*$!
{
	archiveVersion = 1;
	classes = {
	};
	objectVersion = 50;
	objects = {

/* Begin PBXBuildFile section */
		24A17CA924DD744A00829470 /* ProductFlowController.swift in Sources */ = {isa = PBXBuildFile; fileRef = 24A17CA824DD744A00829470 /* ProductFlowController.swift */; };
		24A17CAB24DD76F100829470 /* MainFlowController.swift in Sources */ = {isa = PBXBuildFile; fileRef = 24A17CAA24DD76F100829470 /* MainFlowController.swift */; };
		24A17CAE24DD99E800829470 /* CategoriesViewController.swift in Sources */ = {isa = PBXBuildFile; fileRef = 24A17CAD24DD99E800829470 /* CategoriesViewController.swift */; };
		24A17CB024DD9A3900829470 /* ShoppingCartViewController.swift in Sources */ = {isa = PBXBuildFile; fileRef = 24A17CAF24DD9A3900829470 /* ShoppingCartViewController.swift */; };
		24A7471324DEB6530066A4DB /* UIView+Ext.swift in Sources */ = {isa = PBXBuildFile; fileRef = 24A7471224DEB6530066A4DB /* UIView+Ext.swift */; };
		24A7471724DEC4980066A4DB /* CollectionViewHelper.swift in Sources */ = {isa = PBXBuildFile; fileRef = 24A7471624DEC4980066A4DB /* CollectionViewHelper.swift */; };
		24A7471A24DEC6170066A4DB /* CategoriesViewModel.swift in Sources */ = {isa = PBXBuildFile; fileRef = 24A7471924DEC6160066A4DB /* CategoriesViewModel.swift */; };
		24AAECE724DEF9A5002A46BE /* CategoryViewCell.swift in Sources */ = {isa = PBXBuildFile; fileRef = 24AAECE624DEF9A5002A46BE /* CategoryViewCell.swift */; };
		24C5EC7C24DC9D480060EB3A /* AppDelegate.swift in Sources */ = {isa = PBXBuildFile; fileRef = 24C5EC7B24DC9D480060EB3A /* AppDelegate.swift */; };
		24C5EC7E24DC9D480060EB3A /* SceneDelegate.swift in Sources */ = {isa = PBXBuildFile; fileRef = 24C5EC7D24DC9D480060EB3A /* SceneDelegate.swift */; };
		24C5EC8024DC9D480060EB3A /* WelcomeViewController.swift in Sources */ = {isa = PBXBuildFile; fileRef = 24C5EC7F24DC9D480060EB3A /* WelcomeViewController.swift */; };
		24C5EC8524DC9D490060EB3A /* Assets.xcassets in Resources */ = {isa = PBXBuildFile; fileRef = 24C5EC8424DC9D490060EB3A /* Assets.xcassets */; };
		24C5EC8824DC9D490060EB3A /* LaunchScreen.storyboard in Resources */ = {isa = PBXBuildFile; fileRef = 24C5EC8624DC9D490060EB3A /* LaunchScreen.storyboard */; };
		24C5EC9324DC9D4A0060EB3A /* ShoppingAppTests.swift in Sources */ = {isa = PBXBuildFile; fileRef = 24C5EC9224DC9D4A0060EB3A /* ShoppingAppTests.swift */; };
		24C5ECA024DCAA990060EB3A /* CompositionRoot.swift in Sources */ = {isa = PBXBuildFile; fileRef = 24C5EC9F24DCAA990060EB3A /* CompositionRoot.swift */; };
		24C5ECA424DCAC9D0060EB3A /* AppFlowController.swift in Sources */ = {isa = PBXBuildFile; fileRef = 24C5ECA324DCAC9D0060EB3A /* AppFlowController.swift */; };
		24C5ECA924DCB3A20060EB3A /* UIViewController+Child.swift in Sources */ = {isa = PBXBuildFile; fileRef = 24C5ECA824DCB3A20060EB3A /* UIViewController+Child.swift */; };
		24C7CCAD24DEA00100ABFD0A /* ShoppingCartFlowController.swift in Sources */ = {isa = PBXBuildFile; fileRef = 24C7CCAC24DEA00100ABFD0A /* ShoppingCartFlowController.swift */; };
		24C7CCB124DEB01900ABFD0A /* CustomButton.swift in Sources */ = {isa = PBXBuildFile; fileRef = 24C7CCB024DEB01900ABFD0A /* CustomButton.swift */; };
		24C7CCB524DEB07800ABFD0A /* Constants.swift in Sources */ = {isa = PBXBuildFile; fileRef = 24C7CCB224DEB07800ABFD0A /* Constants.swift */; };
		24C7CCB624DEB07800ABFD0A /* FunctionalComposition.swift in Sources */ = {isa = PBXBuildFile; fileRef = 24C7CCB424DEB07800ABFD0A /* FunctionalComposition.swift */; };
		24C7CCB924DEB0F400ABFD0A /* AppStyle.swift in Sources */ = {isa = PBXBuildFile; fileRef = 24C7CCB824DEB0F300ABFD0A /* AppStyle.swift */; };
		24C7CCBC24DEB1B100ABFD0A /* WelcomeViewModel.swift in Sources */ = {isa = PBXBuildFile; fileRef = 24C7CCBB24DEB1B100ABFD0A /* WelcomeViewModel.swift */; };
/* End PBXBuildFile section */

/* Begin PBXContainerItemProxy section */
		24C5EC8F24DC9D4A0060EB3A /* PBXContainerItemProxy */ = {
			isa = PBXContainerItemProxy;
			containerPortal = 24C5EC7024DC9D480060EB3A /* Project object */;
			proxyType = 1;
			remoteGlobalIDString = 24C5EC7724DC9D480060EB3A;
			remoteInfo = ShoppingApp;
		};
/* End PBXContainerItemProxy section */

/* Begin PBXFileReference section */
		24A17CA824DD744A00829470 /* ProductFlowController.swift */ = {isa = PBXFileReference; lastKnownFileType = sourcecode.swift; path = ProductFlowController.swift; sourceTree = "<group>"; };
		24A17CAA24DD76F100829470 /* MainFlowController.swift */ = {isa = PBXFileReference; lastKnownFileType = sourcecode.swift; path = MainFlowController.swift; sourceTree = "<group>"; };
		24A17CAD24DD99E800829470 /* CategoriesViewController.swift */ = {isa = PBXFileReference; lastKnownFileType = sourcecode.swift; path = CategoriesViewController.swift; sourceTree = "<group>"; };
		24A17CAF24DD9A3900829470 /* ShoppingCartViewController.swift */ = {isa = PBXFileReference; lastKnownFileType = sourcecode.swift; path = ShoppingCartViewController.swift; sourceTree = "<group>"; };
		24A7471224DEB6530066A4DB /* UIView+Ext.swift */ = {isa = PBXFileReference; fileEncoding = 4; lastKnownFileType = sourcecode.swift; path = "UIView+Ext.swift"; sourceTree = "<group>"; };
		24A7471624DEC4980066A4DB /* CollectionViewHelper.swift */ = {isa = PBXFileReference; fileEncoding = 4; lastKnownFileType = sourcecode.swift; path = CollectionViewHelper.swift; sourceTree = "<group>"; };
		24A7471924DEC6160066A4DB /* CategoriesViewModel.swift */ = {isa = PBXFileReference; lastKnownFileType = sourcecode.swift; path = CategoriesViewModel.swift; sourceTree = "<group>"; };
		24AAECE624DEF9A5002A46BE /* CategoryViewCell.swift */ = {isa = PBXFileReference; lastKnownFileType = sourcecode.swift; path = CategoryViewCell.swift; sourceTree = "<group>"; };
		24C5EC7824DC9D480060EB3A /* ShoppingApp.app */ = {isa = PBXFileReference; explicitFileType = wrapper.application; includeInIndex = 0; path = ShoppingApp.app; sourceTree = BUILT_PRODUCTS_DIR; };
		24C5EC7B24DC9D480060EB3A /* AppDelegate.swift */ = {isa = PBXFileReference; lastKnownFileType = sourcecode.swift; path = AppDelegate.swift; sourceTree = "<group>"; };
		24C5EC7D24DC9D480060EB3A /* SceneDelegate.swift */ = {isa = PBXFileReference; lastKnownFileType = sourcecode.swift; path = SceneDelegate.swift; sourceTree = "<group>"; };
		24C5EC7F24DC9D480060EB3A /* WelcomeViewController.swift */ = {isa = PBXFileReference; lastKnownFileType = sourcecode.swift; path = WelcomeViewController.swift; sourceTree = "<group>"; };
		24C5EC8424DC9D490060EB3A /* Assets.xcassets */ = {isa = PBXFileReference; lastKnownFileType = folder.assetcatalog; path = Assets.xcassets; sourceTree = "<group>"; };
		24C5EC8724DC9D490060EB3A /* Base */ = {isa = PBXFileReference; lastKnownFileType = file.storyboard; name = Base; path = Base.lproj/LaunchScreen.storyboard; sourceTree = "<group>"; };
		24C5EC8924DC9D490060EB3A /* Info.plist */ = {isa = PBXFileReference; lastKnownFileType = text.plist.xml; path = Info.plist; sourceTree = "<group>"; };
		24C5EC8E24DC9D4A0060EB3A /* ShoppingAppTests.xctest */ = {isa = PBXFileReference; explicitFileType = wrapper.cfbundle; includeInIndex = 0; path = ShoppingAppTests.xctest; sourceTree = BUILT_PRODUCTS_DIR; };
		24C5EC9224DC9D4A0060EB3A /* ShoppingAppTests.swift */ = {isa = PBXFileReference; lastKnownFileType = sourcecode.swift; path = ShoppingAppTests.swift; sourceTree = "<group>"; };
		24C5EC9424DC9D4A0060EB3A /* Info.plist */ = {isa = PBXFileReference; lastKnownFileType = text.plist.xml; path = Info.plist; sourceTree = "<group>"; };
		24C5EC9D24DCA3760060EB3A /* README.md */ = {isa = PBXFileReference; lastKnownFileType = net.daringfireball.markdown; path = README.md; sourceTree = "<group>"; };
		24C5EC9F24DCAA990060EB3A /* CompositionRoot.swift */ = {isa = PBXFileReference; lastKnownFileType = sourcecode.swift; path = CompositionRoot.swift; sourceTree = "<group>"; };
		24C5ECA324DCAC9D0060EB3A /* AppFlowController.swift */ = {isa = PBXFileReference; lastKnownFileType = sourcecode.swift; path = AppFlowController.swift; sourceTree = "<group>"; };
		24C5ECA824DCB3A20060EB3A /* UIViewController+Child.swift */ = {isa = PBXFileReference; lastKnownFileType = sourcecode.swift; path = "UIViewController+Child.swift"; sourceTree = "<group>"; };
		24C7CCAC24DEA00100ABFD0A /* ShoppingCartFlowController.swift */ = {isa = PBXFileReference; lastKnownFileType = sourcecode.swift; path = ShoppingCartFlowController.swift; sourceTree = "<group>"; };
		24C7CCB024DEB01900ABFD0A /* CustomButton.swift */ = {isa = PBXFileReference; fileEncoding = 4; lastKnownFileType = sourcecode.swift; path = CustomButton.swift; sourceTree = "<group>"; };
		24C7CCB224DEB07800ABFD0A /* Constants.swift */ = {isa = PBXFileReference; fileEncoding = 4; lastKnownFileType = sourcecode.swift; path = Constants.swift; sourceTree = "<group>"; };
		24C7CCB424DEB07800ABFD0A /* FunctionalComposition.swift */ = {isa = PBXFileReference; fileEncoding = 4; lastKnownFileType = sourcecode.swift; path = FunctionalComposition.swift; sourceTree = "<group>"; };
		24C7CCB824DEB0F300ABFD0A /* AppStyle.swift */ = {isa = PBXFileReference; fileEncoding = 4; lastKnownFileType = sourcecode.swift; path = AppStyle.swift; sourceTree = "<group>"; };
		24C7CCBB24DEB1B100ABFD0A /* WelcomeViewModel.swift */ = {isa = PBXFileReference; lastKnownFileType = sourcecode.swift; path = WelcomeViewModel.swift; sourceTree = "<group>"; };
/* End PBXFileReference section */

/* Begin PBXFrameworksBuildPhase section */
		24C5EC7524DC9D480060EB3A /* Frameworks */ = {
			isa = PBXFrameworksBuildPhase;
			buildActionMask = 2147483647;
			files = (
			);
			runOnlyForDeploymentPostprocessing = 0;
		};
		24C5EC8B24DC9D4A0060EB3A /* Frameworks */ = {
			isa = PBXFrameworksBuildPhase;
			buildActionMask = 2147483647;
			files = (
			);
			runOnlyForDeploymentPostprocessing = 0;
		};
/* End PBXFrameworksBuildPhase section */

/* Begin PBXGroup section */
		24A17CAC24DD990D00829470 /* Scenes */ = {
			isa = PBXGroup;
			children = (
				24C7CCBA24DEB19300ABFD0A /* WelcomeScreen */,
				24A7471824DEC5E70066A4DB /* CategoriesScreen */,
				24A17CAF24DD9A3900829470 /* ShoppingCartViewController.swift */,
			);
			path = Scenes;
			sourceTree = "<group>";
		};
		24A7471124DEB6520066A4DB /* UIView */ = {
			isa = PBXGroup;
			children = (
				24A7471224DEB6530066A4DB /* UIView+Ext.swift */,
			);
			path = UIView;
			sourceTree = "<group>";
		};
		24A7471424DEC4780066A4DB /* Helpers */ = {
			isa = PBXGroup;
			children = (
				24A7471524DEC4980066A4DB /* CollectionViews */,
			);
			path = Helpers;
			sourceTree = "<group>";
		};
		24A7471524DEC4980066A4DB /* CollectionViews */ = {
			isa = PBXGroup;
			children = (
				24A7471624DEC4980066A4DB /* CollectionViewHelper.swift */,
			);
			path = CollectionViews;
			sourceTree = "<group>";
		};
		24A7471824DEC5E70066A4DB /* CategoriesScreen */ = {
			isa = PBXGroup;
			children = (
				24AAECE524DEF98A002A46BE /* Cells */,
				24A17CAD24DD99E800829470 /* CategoriesViewController.swift */,
				24A7471924DEC6160066A4DB /* CategoriesViewModel.swift */,
			);
			path = CategoriesScreen;
			sourceTree = "<group>";
		};
		24AAECE524DEF98A002A46BE /* Cells */ = {
			isa = PBXGroup;
			children = (
				24AAECE624DEF9A5002A46BE /* CategoryViewCell.swift */,
			);
			path = Cells;
			sourceTree = "<group>";
		};
		24C5EC6F24DC9D480060EB3A = {
			isa = PBXGroup;
			children = (
				24C5EC9D24DCA3760060EB3A /* README.md */,
				24C5EC7A24DC9D480060EB3A /* ShoppingApp */,
				24C5EC9124DC9D4A0060EB3A /* ShoppingAppTests */,
				24C5EC7924DC9D480060EB3A /* Products */,
			);
			sourceTree = "<group>";
		};
		24C5EC7924DC9D480060EB3A /* Products */ = {
			isa = PBXGroup;
			children = (
				24C5EC7824DC9D480060EB3A /* ShoppingApp.app */,
				24C5EC8E24DC9D4A0060EB3A /* ShoppingAppTests.xctest */,
			);
			name = Products;
			sourceTree = "<group>";
		};
		24C5EC7A24DC9D480060EB3A /* ShoppingApp */ = {
			isa = PBXGroup;
			children = (
				24C7CCB724DEB0F300ABFD0A /* Styling */,
				24C7CCAE24DEAFC400ABFD0A /* Custom Views */,
				24C5ECA524DCB3600060EB3A /* Utils */,
				24C5EC9E24DCAA830060EB3A /* Composition */,
				24C5ECA124DCAC540060EB3A /* Flow */,
				24A17CAC24DD990D00829470 /* Scenes */,
				24C5EC7B24DC9D480060EB3A /* AppDelegate.swift */,
				24C5EC7D24DC9D480060EB3A /* SceneDelegate.swift */,
				24C5EC8424DC9D490060EB3A /* Assets.xcassets */,
				24C5EC8624DC9D490060EB3A /* LaunchScreen.storyboard */,
				24C5EC8924DC9D490060EB3A /* Info.plist */,
			);
			path = ShoppingApp;
			sourceTree = "<group>";
		};
		24C5EC9124DC9D4A0060EB3A /* ShoppingAppTests */ = {
			isa = PBXGroup;
			children = (
				24C5EC9224DC9D4A0060EB3A /* ShoppingAppTests.swift */,
				24C5EC9424DC9D4A0060EB3A /* Info.plist */,
			);
			path = ShoppingAppTests;
			sourceTree = "<group>";
		};
		24C5EC9E24DCAA830060EB3A /* Composition */ = {
			isa = PBXGroup;
			children = (
				24C5EC9F24DCAA990060EB3A /* CompositionRoot.swift */,
			);
			path = Composition;
			sourceTree = "<group>";
		};
		24C5ECA124DCAC540060EB3A /* Flow */ = {
			isa = PBXGroup;
			children = (
				24C5ECA224DCAC8B0060EB3A /* AppFlow */,
			);
			path = Flow;
			sourceTree = "<group>";
		};
		24C5ECA224DCAC8B0060EB3A /* AppFlow */ = {
			isa = PBXGroup;
			children = (
				24C5ECA324DCAC9D0060EB3A /* AppFlowController.swift */,
				24A17CAA24DD76F100829470 /* MainFlowController.swift */,
				24A17CA824DD744A00829470 /* ProductFlowController.swift */,
				24C7CCAC24DEA00100ABFD0A /* ShoppingCartFlowController.swift */,
			);
			path = AppFlow;
			sourceTree = "<group>";
		};
		24C5ECA524DCB3600060EB3A /* Utils */ = {
			isa = PBXGroup;
			children = (
				24A7471424DEC4780066A4DB /* Helpers */,
				24C7CCB224DEB07800ABFD0A /* Constants.swift */,
				24C7CCB324DEB07800ABFD0A /* Functional */,
				24C5ECA624DCB36A0060EB3A /* Extensions */,
			);
			path = Utils;
			sourceTree = "<group>";
		};
		24C5ECA624DCB36A0060EB3A /* Extensions */ = {
			isa = PBXGroup;
			children = (
				24A7471124DEB6520066A4DB /* UIView */,
				24C5ECA724DCB3790060EB3A /* UIViewController */,
			);
			path = Extensions;
			sourceTree = "<group>";
		};
		24C5ECA724DCB3790060EB3A /* UIViewController */ = {
			isa = PBXGroup;
			children = (
				24C5ECA824DCB3A20060EB3A /* UIViewController+Child.swift */,
			);
			path = UIViewController;
			sourceTree = "<group>";
		};
		24C7CCAE24DEAFC400ABFD0A /* Custom Views */ = {
			isa = PBXGroup;
			children = (
				24C7CCAF24DEB00100ABFD0A /* Buttons */,
			);
			path = "Custom Views";
			sourceTree = "<group>";
		};
		24C7CCAF24DEB00100ABFD0A /* Buttons */ = {
			isa = PBXGroup;
			children = (
				24C7CCB024DEB01900ABFD0A /* CustomButton.swift */,
			);
			path = Buttons;
			sourceTree = "<group>";
		};
		24C7CCB324DEB07800ABFD0A /* Functional */ = {
			isa = PBXGroup;
			children = (
				24C7CCB424DEB07800ABFD0A /* FunctionalComposition.swift */,
			);
			path = Functional;
			sourceTree = "<group>";
		};
		24C7CCB724DEB0F300ABFD0A /* Styling */ = {
			isa = PBXGroup;
			children = (
				24C7CCB824DEB0F300ABFD0A /* AppStyle.swift */,
			);
			path = Styling;
			sourceTree = "<group>";
		};
		24C7CCBA24DEB19300ABFD0A /* WelcomeScreen */ = {
			isa = PBXGroup;
			children = (
				24C5EC7F24DC9D480060EB3A /* WelcomeViewController.swift */,
				24C7CCBB24DEB1B100ABFD0A /* WelcomeViewModel.swift */,
			);
			path = WelcomeScreen;
			sourceTree = "<group>";
		};
/* End PBXGroup section */

/* Begin PBXNativeTarget section */
		24C5EC7724DC9D480060EB3A /* ShoppingApp */ = {
			isa = PBXNativeTarget;
			buildConfigurationList = 24C5EC9724DC9D4A0060EB3A /* Build configuration list for PBXNativeTarget "ShoppingApp" */;
			buildPhases = (
				24C5EC7424DC9D480060EB3A /* Sources */,
				24C5EC7524DC9D480060EB3A /* Frameworks */,
				24C5EC7624DC9D480060EB3A /* Resources */,
			);
			buildRules = (
			);
			dependencies = (
			);
			name = ShoppingApp;
			productName = ShoppingApp;
			productReference = 24C5EC7824DC9D480060EB3A /* ShoppingApp.app */;
			productType = "com.apple.product-type.application";
		};
		24C5EC8D24DC9D4A0060EB3A /* ShoppingAppTests */ = {
			isa = PBXNativeTarget;
			buildConfigurationList = 24C5EC9A24DC9D4A0060EB3A /* Build configuration list for PBXNativeTarget "ShoppingAppTests" */;
			buildPhases = (
				24C5EC8A24DC9D4A0060EB3A /* Sources */,
				24C5EC8B24DC9D4A0060EB3A /* Frameworks */,
				24C5EC8C24DC9D4A0060EB3A /* Resources */,
			);
			buildRules = (
			);
			dependencies = (
				24C5EC9024DC9D4A0060EB3A /* PBXTargetDependency */,
			);
			name = ShoppingAppTests;
			productName = ShoppingAppTests;
			productReference = 24C5EC8E24DC9D4A0060EB3A /* ShoppingAppTests.xctest */;
			productType = "com.apple.product-type.bundle.unit-test";
		};
/* End PBXNativeTarget section */

/* Begin PBXProject section */
		24C5EC7024DC9D480060EB3A /* Project object */ = {
			isa = PBXProject;
			attributes = {
				LastSwiftUpdateCheck = 1160;
				LastUpgradeCheck = 1160;
				ORGANIZATIONNAME = "Christian Slanzi";
				TargetAttributes = {
					24C5EC7724DC9D480060EB3A = {
						CreatedOnToolsVersion = 11.6;
					};
					24C5EC8D24DC9D4A0060EB3A = {
						CreatedOnToolsVersion = 11.6;
						TestTargetID = 24C5EC7724DC9D480060EB3A;
					};
				};
			};
			buildConfigurationList = 24C5EC7324DC9D480060EB3A /* Build configuration list for PBXProject "ShoppingApp" */;
			compatibilityVersion = "Xcode 9.3";
			developmentRegion = en;
			hasScannedForEncodings = 0;
			knownRegions = (
				en,
				Base,
			);
			mainGroup = 24C5EC6F24DC9D480060EB3A;
			productRefGroup = 24C5EC7924DC9D480060EB3A /* Products */;
			projectDirPath = "";
			projectRoot = "";
			targets = (
				24C5EC7724DC9D480060EB3A /* ShoppingApp */,
				24C5EC8D24DC9D4A0060EB3A /* ShoppingAppTests */,
			);
		};
/* End PBXProject section */

/* Begin PBXResourcesBuildPhase section */
		24C5EC7624DC9D480060EB3A /* Resources */ = {
			isa = PBXResourcesBuildPhase;
			buildActionMask = 2147483647;
			files = (
				24C5EC8824DC9D490060EB3A /* LaunchScreen.storyboard in Resources */,
				24C5EC8524DC9D490060EB3A /* Assets.xcassets in Resources */,
			);
			runOnlyForDeploymentPostprocessing = 0;
		};
		24C5EC8C24DC9D4A0060EB3A /* Resources */ = {
			isa = PBXResourcesBuildPhase;
			buildActionMask = 2147483647;
			files = (
			);
			runOnlyForDeploymentPostprocessing = 0;
		};
/* End PBXResourcesBuildPhase section */

/* Begin PBXSourcesBuildPhase section */
		24C5EC7424DC9D480060EB3A /* Sources */ = {
			isa = PBXSourcesBuildPhase;
			buildActionMask = 2147483647;
			files = (
				24A7471324DEB6530066A4DB /* UIView+Ext.swift in Sources */,
				24C5ECA424DCAC9D0060EB3A /* AppFlowController.swift in Sources */,
				24C5ECA024DCAA990060EB3A /* CompositionRoot.swift in Sources */,
				24C7CCAD24DEA00100ABFD0A /* ShoppingCartFlowController.swift in Sources */,
				24A17CAE24DD99E800829470 /* CategoriesViewController.swift in Sources */,
				24C5EC8024DC9D480060EB3A /* WelcomeViewController.swift in Sources */,
				24A17CB024DD9A3900829470 /* ShoppingCartViewController.swift in Sources */,
				24C7CCB924DEB0F400ABFD0A /* AppStyle.swift in Sources */,
				24A7471724DEC4980066A4DB /* CollectionViewHelper.swift in Sources */,
				24A17CA924DD744A00829470 /* ProductFlowController.swift in Sources */,
				24C7CCB524DEB07800ABFD0A /* Constants.swift in Sources */,
				24C7CCBC24DEB1B100ABFD0A /* WelcomeViewModel.swift in Sources */,
				24A17CAB24DD76F100829470 /* MainFlowController.swift in Sources */,
				24C7CCB124DEB01900ABFD0A /* CustomButton.swift in Sources */,
				24AAECE724DEF9A5002A46BE /* CategoryViewCell.swift in Sources */,
				24C5EC7C24DC9D480060EB3A /* AppDelegate.swift in Sources */,
				24C5EC7E24DC9D480060EB3A /* SceneDelegate.swift in Sources */,
				24C5ECA924DCB3A20060EB3A /* UIViewController+Child.swift in Sources */,
				24A7471A24DEC6170066A4DB /* CategoriesViewModel.swift in Sources */,
				24C7CCB624DEB07800ABFD0A /* FunctionalComposition.swift in Sources */,
			);
			runOnlyForDeploymentPostprocessing = 0;
		};
		24C5EC8A24DC9D4A0060EB3A /* Sources */ = {
			isa = PBXSourcesBuildPhase;
			buildActionMask = 2147483647;
			files = (
				24C5EC9324DC9D4A0060EB3A /* ShoppingAppTests.swift in Sources */,
			);
			runOnlyForDeploymentPostprocessing = 0;
		};
/* End PBXSourcesBuildPhase section */

/* Begin PBXTargetDependency section */
		24C5EC9024DC9D4A0060EB3A /* PBXTargetDependency */ = {
			isa = PBXTargetDependency;
			target = 24C5EC7724DC9D480060EB3A /* ShoppingApp */;
			targetProxy = 24C5EC8F24DC9D4A0060EB3A /* PBXContainerItemProxy */;
		};
/* End PBXTargetDependency section */

/* Begin PBXVariantGroup section */
		24C5EC8624DC9D490060EB3A /* LaunchScreen.storyboard */ = {
			isa = PBXVariantGroup;
			children = (
				24C5EC8724DC9D490060EB3A /* Base */,
			);
			name = LaunchScreen.storyboard;
			sourceTree = "<group>";
		};
/* End PBXVariantGroup section */

/* Begin XCBuildConfiguration section */
		24C5EC9524DC9D4A0060EB3A /* Debug */ = {
			isa = XCBuildConfiguration;
			buildSettings = {
				ALWAYS_SEARCH_USER_PATHS = NO;
				CLANG_ANALYZER_NONNULL = YES;
				CLANG_ANALYZER_NUMBER_OBJECT_CONVERSION = YES_AGGRESSIVE;
				CLANG_CXX_LANGUAGE_STANDARD = "gnu++14";
				CLANG_CXX_LIBRARY = "libc++";
				CLANG_ENABLE_MODULES = YES;
				CLANG_ENABLE_OBJC_ARC = YES;
				CLANG_ENABLE_OBJC_WEAK = YES;
				CLANG_WARN_BLOCK_CAPTURE_AUTORELEASING = YES;
				CLANG_WARN_BOOL_CONVERSION = YES;
				CLANG_WARN_COMMA = YES;
				CLANG_WARN_CONSTANT_CONVERSION = YES;
				CLANG_WARN_DEPRECATED_OBJC_IMPLEMENTATIONS = YES;
				CLANG_WARN_DIRECT_OBJC_ISA_USAGE = YES_ERROR;
				CLANG_WARN_DOCUMENTATION_COMMENTS = YES;
				CLANG_WARN_EMPTY_BODY = YES;
				CLANG_WARN_ENUM_CONVERSION = YES;
				CLANG_WARN_INFINITE_RECURSION = YES;
				CLANG_WARN_INT_CONVERSION = YES;
				CLANG_WARN_NON_LITERAL_NULL_CONVERSION = YES;
				CLANG_WARN_OBJC_IMPLICIT_RETAIN_SELF = YES;
				CLANG_WARN_OBJC_LITERAL_CONVERSION = YES;
				CLANG_WARN_OBJC_ROOT_CLASS = YES_ERROR;
				CLANG_WARN_RANGE_LOOP_ANALYSIS = YES;
				CLANG_WARN_STRICT_PROTOTYPES = YES;
				CLANG_WARN_SUSPICIOUS_MOVE = YES;
				CLANG_WARN_UNGUARDED_AVAILABILITY = YES_AGGRESSIVE;
				CLANG_WARN_UNREACHABLE_CODE = YES;
				CLANG_WARN__DUPLICATE_METHOD_MATCH = YES;
				COPY_PHASE_STRIP = NO;
				DEBUG_INFORMATION_FORMAT = dwarf;
				ENABLE_STRICT_OBJC_MSGSEND = YES;
				ENABLE_TESTABILITY = YES;
				GCC_C_LANGUAGE_STANDARD = gnu11;
				GCC_DYNAMIC_NO_PIC = NO;
				GCC_NO_COMMON_BLOCKS = YES;
				GCC_OPTIMIZATION_LEVEL = 0;
				GCC_PREPROCESSOR_DEFINITIONS = (
					"DEBUG=1",
					"$(inherited)",
				);
				GCC_WARN_64_TO_32_BIT_CONVERSION = YES;
				GCC_WARN_ABOUT_RETURN_TYPE = YES_ERROR;
				GCC_WARN_UNDECLARED_SELECTOR = YES;
				GCC_WARN_UNINITIALIZED_AUTOS = YES_AGGRESSIVE;
				GCC_WARN_UNUSED_FUNCTION = YES;
				GCC_WARN_UNUSED_VARIABLE = YES;
				IPHONEOS_DEPLOYMENT_TARGET = 13.6;
				MTL_ENABLE_DEBUG_INFO = INCLUDE_SOURCE;
				MTL_FAST_MATH = YES;
				ONLY_ACTIVE_ARCH = YES;
				SDKROOT = iphoneos;
				SWIFT_ACTIVE_COMPILATION_CONDITIONS = DEBUG;
				SWIFT_OPTIMIZATION_LEVEL = "-Onone";
			};
			name = Debug;
		};
		24C5EC9624DC9D4A0060EB3A /* Release */ = {
			isa = XCBuildConfiguration;
			buildSettings = {
				ALWAYS_SEARCH_USER_PATHS = NO;
				CLANG_ANALYZER_NONNULL = YES;
				CLANG_ANALYZER_NUMBER_OBJECT_CONVERSION = YES_AGGRESSIVE;
				CLANG_CXX_LANGUAGE_STANDARD = "gnu++14";
				CLANG_CXX_LIBRARY = "libc++";
				CLANG_ENABLE_MODULES = YES;
				CLANG_ENABLE_OBJC_ARC = YES;
				CLANG_ENABLE_OBJC_WEAK = YES;
				CLANG_WARN_BLOCK_CAPTURE_AUTORELEASING = YES;
				CLANG_WARN_BOOL_CONVERSION = YES;
				CLANG_WARN_COMMA = YES;
				CLANG_WARN_CONSTANT_CONVERSION = YES;
				CLANG_WARN_DEPRECATED_OBJC_IMPLEMENTATIONS = YES;
				CLANG_WARN_DIRECT_OBJC_ISA_USAGE = YES_ERROR;
				CLANG_WARN_DOCUMENTATION_COMMENTS = YES;
				CLANG_WARN_EMPTY_BODY = YES;
				CLANG_WARN_ENUM_CONVERSION = YES;
				CLANG_WARN_INFINITE_RECURSION = YES;
				CLANG_WARN_INT_CONVERSION = YES;
				CLANG_WARN_NON_LITERAL_NULL_CONVERSION = YES;
				CLANG_WARN_OBJC_IMPLICIT_RETAIN_SELF = YES;
				CLANG_WARN_OBJC_LITERAL_CONVERSION = YES;
				CLANG_WARN_OBJC_ROOT_CLASS = YES_ERROR;
				CLANG_WARN_RANGE_LOOP_ANALYSIS = YES;
				CLANG_WARN_STRICT_PROTOTYPES = YES;
				CLANG_WARN_SUSPICIOUS_MOVE = YES;
				CLANG_WARN_UNGUARDED_AVAILABILITY = YES_AGGRESSIVE;
				CLANG_WARN_UNREACHABLE_CODE = YES;
				CLANG_WARN__DUPLICATE_METHOD_MATCH = YES;
				COPY_PHASE_STRIP = NO;
				DEBUG_INFORMATION_FORMAT = "dwarf-with-dsym";
				ENABLE_NS_ASSERTIONS = NO;
				ENABLE_STRICT_OBJC_MSGSEND = YES;
				GCC_C_LANGUAGE_STANDARD = gnu11;
				GCC_NO_COMMON_BLOCKS = YES;
				GCC_WARN_64_TO_32_BIT_CONVERSION = YES;
				GCC_WARN_ABOUT_RETURN_TYPE = YES_ERROR;
				GCC_WARN_UNDECLARED_SELECTOR = YES;
				GCC_WARN_UNINITIALIZED_AUTOS = YES_AGGRESSIVE;
				GCC_WARN_UNUSED_FUNCTION = YES;
				GCC_WARN_UNUSED_VARIABLE = YES;
				IPHONEOS_DEPLOYMENT_TARGET = 13.6;
				MTL_ENABLE_DEBUG_INFO = NO;
				MTL_FAST_MATH = YES;
				SDKROOT = iphoneos;
				SWIFT_COMPILATION_MODE = wholemodule;
				SWIFT_OPTIMIZATION_LEVEL = "-O";
				VALIDATE_PRODUCT = YES;
			};
			name = Release;
		};
		24C5EC9824DC9D4A0060EB3A /* Debug */ = {
			isa = XCBuildConfiguration;
			buildSettings = {
				ASSETCATALOG_COMPILER_APPICON_NAME = AppIcon;
				CODE_SIGN_STYLE = Automatic;
				DEVELOPMENT_TEAM = 8495WNP42U;
				INFOPLIST_FILE = ShoppingApp/Info.plist;
				LD_RUNPATH_SEARCH_PATHS = (
					"$(inherited)",
					"@executable_path/Frameworks",
				);
				PRODUCT_BUNDLE_IDENTIFIER = de.test.ShoppingApp;
				PRODUCT_NAME = "$(TARGET_NAME)";
				SWIFT_VERSION = 5.0;
				TARGETED_DEVICE_FAMILY = "1,2";
			};
			name = Debug;
		};
		24C5EC9924DC9D4A0060EB3A /* Release */ = {
			isa = XCBuildConfiguration;
			buildSettings = {
				ASSETCATALOG_COMPILER_APPICON_NAME = AppIcon;
				CODE_SIGN_STYLE = Automatic;
				DEVELOPMENT_TEAM = 8495WNP42U;
				INFOPLIST_FILE = ShoppingApp/Info.plist;
				LD_RUNPATH_SEARCH_PATHS = (
					"$(inherited)",
					"@executable_path/Frameworks",
				);
				PRODUCT_BUNDLE_IDENTIFIER = de.test.ShoppingApp;
				PRODUCT_NAME = "$(TARGET_NAME)";
				SWIFT_VERSION = 5.0;
				TARGETED_DEVICE_FAMILY = "1,2";
			};
			name = Release;
		};
		24C5EC9B24DC9D4A0060EB3A /* Debug */ = {
			isa = XCBuildConfiguration;
			buildSettings = {
				ALWAYS_EMBED_SWIFT_STANDARD_LIBRARIES = YES;
				BUNDLE_LOADER = "$(TEST_HOST)";
				CODE_SIGN_STYLE = Automatic;
				DEVELOPMENT_TEAM = 8495WNP42U;
				INFOPLIST_FILE = ShoppingAppTests/Info.plist;
				IPHONEOS_DEPLOYMENT_TARGET = 13.6;
				LD_RUNPATH_SEARCH_PATHS = (
					"$(inherited)",
					"@executable_path/Frameworks",
					"@loader_path/Frameworks",
				);
				PRODUCT_BUNDLE_IDENTIFIER = de.test.ShoppingAppTests;
				PRODUCT_NAME = "$(TARGET_NAME)";
				SWIFT_VERSION = 5.0;
				TARGETED_DEVICE_FAMILY = "1,2";
				TEST_HOST = "$(BUILT_PRODUCTS_DIR)/ShoppingApp.app/ShoppingApp";
			};
			name = Debug;
		};
		24C5EC9C24DC9D4A0060EB3A /* Release */ = {
			isa = XCBuildConfiguration;
			buildSettings = {
				ALWAYS_EMBED_SWIFT_STANDARD_LIBRARIES = YES;
				BUNDLE_LOADER = "$(TEST_HOST)";
				CODE_SIGN_STYLE = Automatic;
				DEVELOPMENT_TEAM = 8495WNP42U;
				INFOPLIST_FILE = ShoppingAppTests/Info.plist;
				IPHONEOS_DEPLOYMENT_TARGET = 13.6;
				LD_RUNPATH_SEARCH_PATHS = (
					"$(inherited)",
					"@executable_path/Frameworks",
					"@loader_path/Frameworks",
				);
				PRODUCT_BUNDLE_IDENTIFIER = de.test.ShoppingAppTests;
				PRODUCT_NAME = "$(TARGET_NAME)";
				SWIFT_VERSION = 5.0;
				TARGETED_DEVICE_FAMILY = "1,2";
				TEST_HOST = "$(BUILT_PRODUCTS_DIR)/ShoppingApp.app/ShoppingApp";
			};
			name = Release;
		};
/* End XCBuildConfiguration section */

/* Begin XCConfigurationList section */
		24C5EC7324DC9D480060EB3A /* Build configuration list for PBXProject "ShoppingApp" */ = {
			isa = XCConfigurationList;
			buildConfigurations = (
				24C5EC9524DC9D4A0060EB3A /* Debug */,
				24C5EC9624DC9D4A0060EB3A /* Release */,
			);
			defaultConfigurationIsVisible = 0;
			defaultConfigurationName = Release;
		};
		24C5EC9724DC9D4A0060EB3A /* Build configuration list for PBXNativeTarget "ShoppingApp" */ = {
			isa = XCConfigurationList;
			buildConfigurations = (
				24C5EC9824DC9D4A0060EB3A /* Debug */,
				24C5EC9924DC9D4A0060EB3A /* Release */,
			);
			defaultConfigurationIsVisible = 0;
			defaultConfigurationName = Release;
		};
		24C5EC9A24DC9D4A0060EB3A /* Build configuration list for PBXNativeTarget "ShoppingAppTests" */ = {
			isa = XCConfigurationList;
			buildConfigurations = (
				24C5EC9B24DC9D4A0060EB3A /* Debug */,
				24C5EC9C24DC9D4A0060EB3A /* Release */,
			);
			defaultConfigurationIsVisible = 0;
			defaultConfigurationName = Release;
		};
/* End XCConfigurationList section */
	};
	rootObject = 24C5EC7024DC9D480060EB3A /* Project object */;
}
